// !$*UTF8*$!
{
	archiveVersion = 1;
	classes = {
	};
	objectVersion = 50;
	objects = {

/* Begin PBXBuildFile section */
		D0FF7524264F189E0075ACEA /* AppDelegate.swift in Sources */ = {isa = PBXBuildFile; fileRef = D0FF7523264F189E0075ACEA /* AppDelegate.swift */; };
		D0FF7526264F189E0075ACEA /* SceneDelegate.swift in Sources */ = {isa = PBXBuildFile; fileRef = D0FF7525264F189E0075ACEA /* SceneDelegate.swift */; };
		D0FF7528264F189E0075ACEA /* ViewController.swift in Sources */ = {isa = PBXBuildFile; fileRef = D0FF7527264F189E0075ACEA /* ViewController.swift */; };
		D0FF752B264F189E0075ACEA /* Main.storyboard in Resources */ = {isa = PBXBuildFile; fileRef = D0FF7529264F189E0075ACEA /* Main.storyboard */; };
		D0FF752D264F18A00075ACEA /* Assets.xcassets in Resources */ = {isa = PBXBuildFile; fileRef = D0FF752C264F18A00075ACEA /* Assets.xcassets */; };
		D0FF7530264F18A00075ACEA /* LaunchScreen.storyboard in Resources */ = {isa = PBXBuildFile; fileRef = D0FF752E264F18A00075ACEA /* LaunchScreen.storyboard */; };
		D0FF753B264F2C6F0075ACEA /* QuestionModel.swift in Sources */ = {isa = PBXBuildFile; fileRef = D0FF753A264F2C6F0075ACEA /* QuestionModel.swift */; };
		D0FF753D264F357A0075ACEA /* ScoreModel.swift in Sources */ = {isa = PBXBuildFile; fileRef = D0FF753C264F357A0075ACEA /* ScoreModel.swift */; };
/* End PBXBuildFile section */

/* Begin PBXFileReference section */
		D0FF7520264F189E0075ACEA /* SNgularTest.app */ = {isa = PBXFileReference; explicitFileType = wrapper.application; includeInIndex = 0; path = SNgularTest.app; sourceTree = BUILT_PRODUCTS_DIR; };
		D0FF7523264F189E0075ACEA /* AppDelegate.swift */ = {isa = PBXFileReference; lastKnownFileType = sourcecode.swift; path = AppDelegate.swift; sourceTree = "<group>"; };
		D0FF7525264F189E0075ACEA /* SceneDelegate.swift */ = {isa = PBXFileReference; lastKnownFileType = sourcecode.swift; path = SceneDelegate.swift; sourceTree = "<group>"; };
		D0FF7527264F189E0075ACEA /* ViewController.swift */ = {isa = PBXFileReference; lastKnownFileType = sourcecode.swift; path = ViewController.swift; sourceTree = "<group>"; };
		D0FF752A264F189E0075ACEA /* Base */ = {isa = PBXFileReference; lastKnownFileType = file.storyboard; name = Base; path = Base.lproj/Main.storyboard; sourceTree = "<group>"; };
		D0FF752C264F18A00075ACEA /* Assets.xcassets */ = {isa = PBXFileReference; lastKnownFileType = folder.assetcatalog; path = Assets.xcassets; sourceTree = "<group>"; };
		D0FF752F264F18A00075ACEA /* Base */ = {isa = PBXFileReference; lastKnownFileType = file.storyboard; name = Base; path = Base.lproj/LaunchScreen.storyboard; sourceTree = "<group>"; };
		D0FF7531264F18A00075ACEA /* Info.plist */ = {isa = PBXFileReference; lastKnownFileType = text.plist.xml; path = Info.plist; sourceTree = "<group>"; };
		D0FF753A264F2C6F0075ACEA /* QuestionModel.swift */ = {isa = PBXFileReference; lastKnownFileType = sourcecode.swift; path = QuestionModel.swift; sourceTree = "<group>"; };
		D0FF753C264F357A0075ACEA /* ScoreModel.swift */ = {isa = PBXFileReference; lastKnownFileType = sourcecode.swift; path = ScoreModel.swift; sourceTree = "<group>"; };
/* End PBXFileReference section */

/* Begin PBXFrameworksBuildPhase section */
		D0FF751D264F189E0075ACEA /* Frameworks */ = {
			isa = PBXFrameworksBuildPhase;
			buildActionMask = 2147483647;
			files = (
			);
			runOnlyForDeploymentPostprocessing = 0;
		};
/* End PBXFrameworksBuildPhase section */

/* Begin PBXGroup section */
		D0FF7517264F189E0075ACEA = {
			isa = PBXGroup;
			children = (
				D0FF7522264F189E0075ACEA /* SNgularTest */,
				D0FF7521264F189E0075ACEA /* Products */,
			);
			sourceTree = "<group>";
		};
		D0FF7521264F189E0075ACEA /* Products */ = {
			isa = PBXGroup;
			children = (
				D0FF7520264F189E0075ACEA /* SNgularTest.app */,
			);
			name = Products;
			sourceTree = "<group>";
		};
		D0FF7522264F189E0075ACEA /* SNgularTest */ = {
			isa = PBXGroup;
			children = (
				D0FF7537264F29F20075ACEA /* Model */,
				D0FF7539264F2A1C0075ACEA /* View */,
				D0FF7523264F189E0075ACEA /* AppDelegate.swift */,
				D0FF7525264F189E0075ACEA /* SceneDelegate.swift */,
				D0FF7529264F189E0075ACEA /* Main.storyboard */,
				D0FF752C264F18A00075ACEA /* Assets.xcassets */,
				D0FF752E264F18A00075ACEA /* LaunchScreen.storyboard */,
				D0FF7531264F18A00075ACEA /* Info.plist */,
			);
			path = SNgularTest;
			sourceTree = "<group>";
		};
		D0FF7537264F29F20075ACEA /* Model */ = {
			isa = PBXGroup;
			children = (
				D0FF753A264F2C6F0075ACEA /* QuestionModel.swift */,
				D0FF753C264F357A0075ACEA /* ScoreModel.swift */,
			);
			path = Model;
			sourceTree = "<group>";
		};
		D0FF7539264F2A1C0075ACEA /* View */ = {
			isa = PBXGroup;
			children = (
				D0FF7527264F189E0075ACEA /* ViewController.swift */,
			);
			path = View;
			sourceTree = "<group>";
		};
/* End PBXGroup section */

/* Begin PBXNativeTarget section */
		D0FF751F264F189E0075ACEA /* SNgularTest */ = {
			isa = PBXNativeTarget;
			buildConfigurationList = D0FF7534264F18A00075ACEA /* Build configuration list for PBXNativeTarget "SNgularTest" */;
			buildPhases = (
				D0FF751C264F189E0075ACEA /* Sources */,
				D0FF751D264F189E0075ACEA /* Frameworks */,
				D0FF751E264F189E0075ACEA /* Resources */,
			);
			buildRules = (
			);
			dependencies = (
			);
			name = SNgularTest;
			productName = SNgularTest;
			productReference = D0FF7520264F189E0075ACEA /* SNgularTest.app */;
			productType = "com.apple.product-type.application";
		};
/* End PBXNativeTarget section */

/* Begin PBXProject section */
		D0FF7518264F189E0075ACEA /* Project object */ = {
			isa = PBXProject;
			attributes = {
				LastSwiftUpdateCheck = 1250;
				LastUpgradeCheck = 1250;
				TargetAttributes = {
					D0FF751F264F189E0075ACEA = {
						CreatedOnToolsVersion = 12.5;
					};
				};
			};
			buildConfigurationList = D0FF751B264F189E0075ACEA /* Build configuration list for PBXProject "SNgularTest" */;
			compatibilityVersion = "Xcode 9.3";
			developmentRegion = en;
			hasScannedForEncodings = 0;
			knownRegions = (
				en,
				Base,
			);
			mainGroup = D0FF7517264F189E0075ACEA;
			productRefGroup = D0FF7521264F189E0075ACEA /* Products */;
			projectDirPath = "";
			projectRoot = "";
			targets = (
				D0FF751F264F189E0075ACEA /* SNgularTest */,
			);
		};
/* End PBXProject section */

/* Begin PBXResourcesBuildPhase section */
		D0FF751E264F189E0075ACEA /* Resources */ = {
			isa = PBXResourcesBuildPhase;
			buildActionMask = 2147483647;
			files = (
				D0FF7530264F18A00075ACEA /* LaunchScreen.storyboard in Resources */,
				D0FF752D264F18A00075ACEA /* Assets.xcassets in Resources */,
				D0FF752B264F189E0075ACEA /* Main.storyboard in Resources */,
			);
			runOnlyForDeploymentPostprocessing = 0;
		};
/* End PBXResourcesBuildPhase section */

/* Begin PBXSourcesBuildPhase section */
		D0FF751C264F189E0075ACEA /* Sources */ = {
			isa = PBXSourcesBuildPhase;
			buildActionMask = 2147483647;
			files = (
				D0FF753D264F357A0075ACEA /* ScoreModel.swift in Sources */,
				D0FF7528264F189E0075ACEA /* ViewController.swift in Sources */,
				D0FF7524264F189E0075ACEA /* AppDelegate.swift in Sources */,
				D0FF7526264F189E0075ACEA /* SceneDelegate.swift in Sources */,
				D0FF753B264F2C6F0075ACEA /* QuestionModel.swift in Sources */,
			);
			runOnlyForDeploymentPostprocessing = 0;
		};
/* End PBXSourcesBuildPhase section */

/* Begin PBXVariantGroup section */
		D0FF7529264F189E0075ACEA /* Main.storyboard */ = {
			isa = PBXVariantGroup;
			children = (
				D0FF752A264F189E0075ACEA /* Base */,
			);
			name = Main.storyboard;
			sourceTree = "<group>";
		};
		D0FF752E264F18A00075ACEA /* LaunchScreen.storyboard */ = {
			isa = PBXVariantGroup;
			children = (
				D0FF752F264F18A00075ACEA /* Base */,
			);
			name = LaunchScreen.storyboard;
			sourceTree = "<group>";
		};
/* End PBXVariantGroup section */

/* Begin XCBuildConfiguration section */
		D0FF7532264F18A00075ACEA /* Debug */ = {
			isa = XCBuildConfiguration;
			buildSettings = {
				ALWAYS_SEARCH_USER_PATHS = NO;
				CLANG_ANALYZER_NONNULL = YES;
				CLANG_ANALYZER_NUMBER_OBJECT_CONVERSION = YES_AGGRESSIVE;
				CLANG_CXX_LANGUAGE_STANDARD = "gnu++14";
				CLANG_CXX_LIBRARY = "libc++";
				CLANG_ENABLE_MODULES = YES;
				CLANG_ENABLE_OBJC_ARC = YES;
				CLANG_ENABLE_OBJC_WEAK = YES;
				CLANG_WARN_BLOCK_CAPTURE_AUTORELEASING = YES;
				CLANG_WARN_BOOL_CONVERSION = YES;
				CLANG_WARN_COMMA = YES;
				CLANG_WARN_CONSTANT_CONVERSION = YES;
				CLANG_WARN_DEPRECATED_OBJC_IMPLEMENTATIONS = YES;
				CLANG_WARN_DIRECT_OBJC_ISA_USAGE = YES_ERROR;
				CLANG_WARN_DOCUMENTATION_COMMENTS = YES;
				CLANG_WARN_EMPTY_BODY = YES;
				CLANG_WARN_ENUM_CONVERSION = YES;
				CLANG_WARN_INFINITE_RECURSION = YES;
				CLANG_WARN_INT_CONVERSION = YES;
				CLANG_WARN_NON_LITERAL_NULL_CONVERSION = YES;
				CLANG_WARN_OBJC_IMPLICIT_RETAIN_SELF = YES;
				CLANG_WARN_OBJC_LITERAL_CONVERSION = YES;
				CLANG_WARN_OBJC_ROOT_CLASS = YES_ERROR;
				CLANG_WARN_QUOTED_INCLUDE_IN_FRAMEWORK_HEADER = YES;
				CLANG_WARN_RANGE_LOOP_ANALYSIS = YES;
				CLANG_WARN_STRICT_PROTOTYPES = YES;
				CLANG_WARN_SUSPICIOUS_MOVE = YES;
				CLANG_WARN_UNGUARDED_AVAILABILITY = YES_AGGRESSIVE;
				CLANG_WARN_UNREACHABLE_CODE = YES;
				CLANG_WARN__DUPLICATE_METHOD_MATCH = YES;
				COPY_PHASE_STRIP = NO;
				DEBUG_INFORMATION_FORMAT = dwarf;
				ENABLE_STRICT_OBJC_MSGSEND = YES;
				ENABLE_TESTABILITY = YES;
				GCC_C_LANGUAGE_STANDARD = gnu11;
				GCC_DYNAMIC_NO_PIC = NO;
				GCC_NO_COMMON_BLOCKS = YES;
				GCC_OPTIMIZATION_LEVEL = 0;
				GCC_PREPROCESSOR_DEFINITIONS = (
					"DEBUG=1",
					"$(inherited)",
				);
				GCC_WARN_64_TO_32_BIT_CONVERSION = YES;
				GCC_WARN_ABOUT_RETURN_TYPE = YES_ERROR;
				GCC_WARN_UNDECLARED_SELECTOR = YES;
				GCC_WARN_UNINITIALIZED_AUTOS = YES_AGGRESSIVE;
				GCC_WARN_UNUSED_FUNCTION = YES;
				GCC_WARN_UNUSED_VARIABLE = YES;
				IPHONEOS_DEPLOYMENT_TARGET = 14.5;
				MTL_ENABLE_DEBUG_INFO = INCLUDE_SOURCE;
				MTL_FAST_MATH = YES;
				ONLY_ACTIVE_ARCH = YES;
				SDKROOT = iphoneos;
				SWIFT_ACTIVE_COMPILATION_CONDITIONS = DEBUG;
				SWIFT_OPTIMIZATION_LEVEL = "-Onone";
			};
			name = Debug;
		};
		D0FF7533264F18A00075ACEA /* Release */ = {
			isa = XCBuildConfiguration;
			buildSettings = {
				ALWAYS_SEARCH_USER_PATHS = NO;
				CLANG_ANALYZER_NONNULL = YES;
				CLANG_ANALYZER_NUMBER_OBJECT_CONVERSION = YES_AGGRESSIVE;
				CLANG_CXX_LANGUAGE_STANDARD = "gnu++14";
				CLANG_CXX_LIBRARY = "libc++";
				CLANG_ENABLE_MODULES = YES;
				CLANG_ENABLE_OBJC_ARC = YES;
				CLANG_ENABLE_OBJC_WEAK = YES;
				CLANG_WARN_BLOCK_CAPTURE_AUTORELEASING = YES;
				CLANG_WARN_BOOL_CONVERSION = YES;
				CLANG_WARN_COMMA = YES;
				CLANG_WARN_CONSTANT_CONVERSION = YES;
				CLANG_WARN_DEPRECATED_OBJC_IMPLEMENTATIONS = YES;
				CLANG_WARN_DIRECT_OBJC_ISA_USAGE = YES_ERROR;
				CLANG_WARN_DOCUMENTATION_COMMENTS = YES;
				CLANG_WARN_EMPTY_BODY = YES;
				CLANG_WARN_ENUM_CONVERSION = YES;
				CLANG_WARN_INFINITE_RECURSION = YES;
				CLANG_WARN_INT_CONVERSION = YES;
				CLANG_WARN_NON_LITERAL_NULL_CONVERSION = YES;
				CLANG_WARN_OBJC_IMPLICIT_RETAIN_SELF = YES;
				CLANG_WARN_OBJC_LITERAL_CONVERSION = YES;
				CLANG_WARN_OBJC_ROOT_CLASS = YES_ERROR;
				CLANG_WARN_QUOTED_INCLUDE_IN_FRAMEWORK_HEADER = YES;
				CLANG_WARN_RANGE_LOOP_ANALYSIS = YES;
				CLANG_WARN_STRICT_PROTOTYPES = YES;
				CLANG_WARN_SUSPICIOUS_MOVE = YES;
				CLANG_WARN_UNGUARDED_AVAILABILITY = YES_AGGRESSIVE;
				CLANG_WARN_UNREACHABLE_CODE = YES;
				CLANG_WARN__DUPLICATE_METHOD_MATCH = YES;
				COPY_PHASE_STRIP = NO;
				DEBUG_INFORMATION_FORMAT = "dwarf-with-dsym";
				ENABLE_NS_ASSERTIONS = NO;
				ENABLE_STRICT_OBJC_MSGSEND = YES;
				GCC_C_LANGUAGE_STANDARD = gnu11;
				GCC_NO_COMMON_BLOCKS = YES;
				GCC_WARN_64_TO_32_BIT_CONVERSION = YES;
				GCC_WARN_ABOUT_RETURN_TYPE = YES_ERROR;
				GCC_WARN_UNDECLARED_SELECTOR = YES;
				GCC_WARN_UNINITIALIZED_AUTOS = YES_AGGRESSIVE;
				GCC_WARN_UNUSED_FUNCTION = YES;
				GCC_WARN_UNUSED_VARIABLE = YES;
				IPHONEOS_DEPLOYMENT_TARGET = 14.5;
				MTL_ENABLE_DEBUG_INFO = NO;
				MTL_FAST_MATH = YES;
				SDKROOT = iphoneos;
				SWIFT_COMPILATION_MODE = wholemodule;
				SWIFT_OPTIMIZATION_LEVEL = "-O";
				VALIDATE_PRODUCT = YES;
			};
			name = Release;
		};
		D0FF7535264F18A00075ACEA /* Debug */ = {
			isa = XCBuildConfiguration;
			buildSettings = {
				ASSETCATALOG_COMPILER_APPICON_NAME = AppIcon;
				ASSETCATALOG_COMPILER_GLOBAL_ACCENT_COLOR_NAME = AccentColor;
				CODE_SIGN_STYLE = Automatic;
				DEVELOPMENT_TEAM = TF8D87F4XS;
				INFOPLIST_FILE = SNgularTest/Info.plist;
				LD_RUNPATH_SEARCH_PATHS = (
					"$(inherited)",
					"@executable_path/Frameworks",
				);
				PRODUCT_BUNDLE_IDENTIFIER = com.gweb.SNgularTest;
				PRODUCT_NAME = "$(TARGET_NAME)";
				SWIFT_VERSION = 5.0;
				TARGETED_DEVICE_FAMILY = "1,2";
			};
			name = Debug;
		};
		D0FF7536264F18A00075ACEA /* Release */ = {
			isa = XCBuildConfiguration;
			buildSettings = {
				ASSETCATALOG_COMPILER_APPICON_NAME = AppIcon;
				ASSETCATALOG_COMPILER_GLOBAL_ACCENT_COLOR_NAME = AccentColor;
				CODE_SIGN_STYLE = Automatic;
				DEVELOPMENT_TEAM = TF8D87F4XS;
				INFOPLIST_FILE = SNgularTest/Info.plist;
				LD_RUNPATH_SEARCH_PATHS = (
					"$(inherited)",
					"@executable_path/Frameworks",
				);
				PRODUCT_BUNDLE_IDENTIFIER = com.gweb.SNgularTest;
				PRODUCT_NAME = "$(TARGET_NAME)";
				SWIFT_VERSION = 5.0;
				TARGETED_DEVICE_FAMILY = "1,2";
			};
			name = Release;
		};
/* End XCBuildConfiguration section */

/* Begin XCConfigurationList section */
		D0FF751B264F189E0075ACEA /* Build configuration list for PBXProject "SNgularTest" */ = {
			isa = XCConfigurationList;
			buildConfigurations = (
				D0FF7532264F18A00075ACEA /* Debug */,
				D0FF7533264F18A00075ACEA /* Release */,
			);
			defaultConfigurationIsVisible = 0;
			defaultConfigurationName = Release;
		};
		D0FF7534264F18A00075ACEA /* Build configuration list for PBXNativeTarget "SNgularTest" */ = {
			isa = XCConfigurationList;
			buildConfigurations = (
				D0FF7535264F18A00075ACEA /* Debug */,
				D0FF7536264F18A00075ACEA /* Release */,
			);
			defaultConfigurationIsVisible = 0;
			defaultConfigurationName = Release;
		};
/* End XCConfigurationList section */
	};
	rootObject = D0FF7518264F189E0075ACEA /* Project object */;
}
